
Microsoft Visual Studio Solution File, Format Version 12.00
# Visual Studio Version 17
VisualStudioVersion = 17.0.32112.339
MinimumVisualStudioVersion = 10.0.40219.1
Project("{FAE04EC0-301F-11D3-BF4B-00C04F79EFBC}") = "RazorPagesMovie", "RazorPagesMovie\RazorPagesMovie.csproj", "{B70E5271-A56B-4DF0-A3B7-C26191E0692C}"
EndProject
Global
	GlobalSection(SolutionConfigurationPlatforms) = preSolution
		Debug|Any CPU = Debug|Any CPU
		Release|Any CPU = Release|Any CPU
	EndGlobalSection
	GlobalSection(ProjectConfigurationPlatforms) = postSolution
		{B70E5271-A56B-4DF0-A3B7-C26191E0692C}.Debug|Any CPU.ActiveCfg = Debug|Any CPU
		{B70E5271-A56B-4DF0-A3B7-C26191E0692C}.Debug|Any CPU.Build.0 = Debug|Any CPU
		{B70E5271-A56B-4DF0-A3B7-C26191E0692C}.Release|Any CPU.ActiveCfg = Release|Any CPU
		{B70E5271-A56B-4DF0-A3B7-C26191E0692C}.Release|Any CPU.Build.0 = Release|Any CPU
	EndGlobalSection
	GlobalSection(SolutionProperties) = preSolution
		HideSolutionNode = FALSE
	EndGlobalSection
	GlobalSection(ExtensibilityGlobals) = postSolution
		SolutionGuid = {914D99E3-EC8A-4090-8920-8BD454E55AE5}
	EndGlobalSection
EndGlobal
